hash: a580f28eeda1b01a96872487236a451e64aadab1ed38adec7e03c922a717d174
updated: 2018-08-20T12:42:58.185549487-05:00
imports:
- name: github.com/dcu/go-authy
  version: 0c8491e20fe9225f4902f789480d7166eab098f7
- name: github.com/gojektech/heimdall
  version: 54d43c53c27af9aaedbc8cff538ee523a8973bda
  subpackages:
  - httpclient
- name: github.com/gojektech/valkyrie
  version: b19510f6c63cc7dd1c9d67708e28d5ff18f49351
- name: github.com/inconshreveable/mousetrap
  version: 76626ae9c91c4f2a10f34cad8ce83ea42c93bb75
- name: github.com/Jeffail/gabs
  version: 2a3aa15961d5fee6047b8151b67ac2f08ba2c48c
- name: github.com/mattn/go-colorable
  version: efa589957cd060542a26d2dd7832fd6a6c6c3ade
- name: github.com/mattn/go-isatty
  version: 6ca4dbf54d38eea1a992b3c722a76a5d1c4cb25c
- name: github.com/mgutz/ansi
  version: 9520e82c474b0a04dd04f8a40959027271bab992
- name: github.com/pkg/errors
  version: 816c9085562cd7ee03e7f8188a1cfd942858cded
- name: github.com/spf13/cobra
  version: ef82de70bb3f60c65fb8eebacbb2d122ef517385
- name: github.com/spf13/pflag
  version: 3ebe029320b2676d667ae88da602a5f854788a8a
- name: golang.org/x/crypto
  version: 614d502a4dac94afa3a6ce146bd1736da82514c6
  subpackages:
  - curve25519
  - ed25519
  - ed25519/internal/edwards25519
  - internal/chacha20
  - internal/subtle
  - poly1305
  - ssh
- name: golang.org/x/sys
  version: 3dc4335d56c789b04b0ba99b7a37249d9b614314
  subpackages:
  - unix
- name: gopkg.in/fatih/set.v0
  version: 2c768e3c5489976167bfc42b5c7c92ca783f4389
- name: gopkg.in/yaml.v2
  version: 5420a8b6744d3b0345ab293f6fcba19c978f1183
testImports:
- name: github.com/davecgh/go-spew
  version: 6d212800a42e8ab5c146b8ace3490ee17e5225f9
  subpackages:
  - spew
- name: github.com/pmezard/go-difflib
  version: d8ed2627bdf02c080bf22230dbb337003b7aba2d
  subpackages:
  - difflib
- name: github.com/stretchr/testify
  version: 69483b4bd14f5845b5a1e55bca19e954e827f1d0
  subpackages:
  - assert
  - require
